
Microsoft Visual Studio Solution File, Format Version 12.00
# Visual Studio Version 17
VisualStudioVersion = 17.3.32901.215
MinimumVisualStudioVersion = 10.0.40219.1
Project("{FAE04EC0-301F-11D3-BF4B-00C04F79EFBC}") = "ImplementInterface", "ImplementInterface\ImplementInterface.csproj", "{2BB31876-EA92-4658-A38D-060942871690}"
EndProject
Global
	GlobalSection(SolutionConfigurationPlatforms) = preSolution
		Debug|Any CPU = Debug|Any CPU
		Release|Any CPU = Release|Any CPU
	EndGlobalSection
	GlobalSection(ProjectConfigurationPlatforms) = postSolution
		{2BB31876-EA92-4658-A38D-060942871690}.Debug|Any CPU.ActiveCfg = Debug|Any CPU
		{2BB31876-EA92-4658-A38D-060942871690}.Debug|Any CPU.Build.0 = Debug|Any CPU
		{2BB31876-EA92-4658-A38D-060942871690}.Release|Any CPU.ActiveCfg = Release|Any CPU
		{2BB31876-EA92-4658-A38D-060942871690}.Release|Any CPU.Build.0 = Release|Any CPU
	EndGlobalSection
	GlobalSection(SolutionProperties) = preSolution
		HideSolutionNode = FALSE
	EndGlobalSection
	GlobalSection(ExtensibilityGlobals) = postSolution
		SolutionGuid = {B2FF8D6A-2732-4404-AB1F-79E287A0208E}
	EndGlobalSection
EndGlobal
